// !$*UTF8*$!
{
	archiveVersion = 1;
	classes = {
	};
	objectVersion = 50;
	objects = {

/* Begin PBXBuildFile section */
		5BEC356724F962EB002ED5B3 /* AppDelegate.swift in Sources */ = {isa = PBXBuildFile; fileRef = 5BEC356624F962EB002ED5B3 /* AppDelegate.swift */; };
		5BEC356924F962EB002ED5B3 /* SceneDelegate.swift in Sources */ = {isa = PBXBuildFile; fileRef = 5BEC356824F962EB002ED5B3 /* SceneDelegate.swift */; };
		5BEC356B24F962EB002ED5B3 /* ViewController.swift in Sources */ = {isa = PBXBuildFile; fileRef = 5BEC356A24F962EB002ED5B3 /* ViewController.swift */; };
		5BEC356E24F962EB002ED5B3 /* Main.storyboard in Resources */ = {isa = PBXBuildFile; fileRef = 5BEC356C24F962EB002ED5B3 /* Main.storyboard */; };
		5BEC357024F962EB002ED5B3 /* Assets.xcassets in Resources */ = {isa = PBXBuildFile; fileRef = 5BEC356F24F962EB002ED5B3 /* Assets.xcassets */; };
		5BEC357324F962EB002ED5B3 /* LaunchScreen.storyboard in Resources */ = {isa = PBXBuildFile; fileRef = 5BEC357124F962EB002ED5B3 /* LaunchScreen.storyboard */; };
		5BEC357E24F962EB002ED5B3 /* Assignment6Tests.swift in Sources */ = {isa = PBXBuildFile; fileRef = 5BEC357D24F962EB002ED5B3 /* Assignment6Tests.swift */; };
		5BEC358924F962EB002ED5B3 /* Assignment6UITests.swift in Sources */ = {isa = PBXBuildFile; fileRef = 5BEC358824F962EB002ED5B3 /* Assignment6UITests.swift */; };
		5BEC35AA24F9AB6F002ED5B3 /* Prompt-ThinItalic.ttf in Resources */ = {isa = PBXBuildFile; fileRef = 5BEC359724F9AB6F002ED5B3 /* Prompt-ThinItalic.ttf */; };
		5BEC35AB24F9AB6F002ED5B3 /* Prompt-BlackItalic.ttf in Resources */ = {isa = PBXBuildFile; fileRef = 5BEC359824F9AB6F002ED5B3 /* Prompt-BlackItalic.ttf */; };
		5BEC35AC24F9AB6F002ED5B3 /* Prompt-ExtraLight.ttf in Resources */ = {isa = PBXBuildFile; fileRef = 5BEC359924F9AB6F002ED5B3 /* Prompt-ExtraLight.ttf */; };
		5BEC35AD24F9AB6F002ED5B3 /* Prompt-MediumItalic.ttf in Resources */ = {isa = PBXBuildFile; fileRef = 5BEC359A24F9AB6F002ED5B3 /* Prompt-MediumItalic.ttf */; };
		5BEC35AE24F9AB6F002ED5B3 /* Prompt-BoldItalic.ttf in Resources */ = {isa = PBXBuildFile; fileRef = 5BEC359B24F9AB6F002ED5B3 /* Prompt-BoldItalic.ttf */; };
		5BEC35AF24F9AB6F002ED5B3 /* Prompt-Medium.ttf in Resources */ = {isa = PBXBuildFile; fileRef = 5BEC359C24F9AB6F002ED5B3 /* Prompt-Medium.ttf */; };
		5BEC35B024F9AB6F002ED5B3 /* Prompt-Light.ttf in Resources */ = {isa = PBXBuildFile; fileRef = 5BEC359D24F9AB6F002ED5B3 /* Prompt-Light.ttf */; };
		5BEC35B124F9AB6F002ED5B3 /* Prompt-ExtraBold.ttf in Resources */ = {isa = PBXBuildFile; fileRef = 5BEC359E24F9AB6F002ED5B3 /* Prompt-ExtraBold.ttf */; };
		5BEC35B224F9AB6F002ED5B3 /* Prompt-Thin.ttf in Resources */ = {isa = PBXBuildFile; fileRef = 5BEC359F24F9AB6F002ED5B3 /* Prompt-Thin.ttf */; };
		5BEC35B324F9AB6F002ED5B3 /* Prompt-LightItalic.ttf in Resources */ = {isa = PBXBuildFile; fileRef = 5BEC35A024F9AB6F002ED5B3 /* Prompt-LightItalic.ttf */; };
		5BEC35B424F9AB6F002ED5B3 /* Prompt-Bold.ttf in Resources */ = {isa = PBXBuildFile; fileRef = 5BEC35A124F9AB6F002ED5B3 /* Prompt-Bold.ttf */; };
		5BEC35B524F9AB6F002ED5B3 /* Prompt-SemiBold.ttf in Resources */ = {isa = PBXBuildFile; fileRef = 5BEC35A224F9AB6F002ED5B3 /* Prompt-SemiBold.ttf */; };
		5BEC35B624F9AB6F002ED5B3 /* Prompt-Regular.ttf in Resources */ = {isa = PBXBuildFile; fileRef = 5BEC35A324F9AB6F002ED5B3 /* Prompt-Regular.ttf */; };
		5BEC35B724F9AB6F002ED5B3 /* Prompt-ExtraLightItalic.ttf in Resources */ = {isa = PBXBuildFile; fileRef = 5BEC35A424F9AB6F002ED5B3 /* Prompt-ExtraLightItalic.ttf */; };
		5BEC35B824F9AB6F002ED5B3 /* Prompt-SemiBoldItalic.ttf in Resources */ = {isa = PBXBuildFile; fileRef = 5BEC35A524F9AB6F002ED5B3 /* Prompt-SemiBoldItalic.ttf */; };
		5BEC35B924F9AB6F002ED5B3 /* OFL.txt in Resources */ = {isa = PBXBuildFile; fileRef = 5BEC35A624F9AB6F002ED5B3 /* OFL.txt */; };
		5BEC35BA24F9AB6F002ED5B3 /* Prompt-ExtraBoldItalic.ttf in Resources */ = {isa = PBXBuildFile; fileRef = 5BEC35A724F9AB6F002ED5B3 /* Prompt-ExtraBoldItalic.ttf */; };
		5BEC35BB24F9AB6F002ED5B3 /* Prompt-Italic.ttf in Resources */ = {isa = PBXBuildFile; fileRef = 5BEC35A824F9AB6F002ED5B3 /* Prompt-Italic.ttf */; };
		5BEC35BC24F9AB6F002ED5B3 /* Prompt-Black.ttf in Resources */ = {isa = PBXBuildFile; fileRef = 5BEC35A924F9AB6F002ED5B3 /* Prompt-Black.ttf */; };
/* End PBXBuildFile section */

/* Begin PBXContainerItemProxy section */
		5BEC357A24F962EB002ED5B3 /* PBXContainerItemProxy */ = {
			isa = PBXContainerItemProxy;
			containerPortal = 5BEC355B24F962EB002ED5B3 /* Project object */;
			proxyType = 1;
			remoteGlobalIDString = 5BEC356224F962EB002ED5B3;
			remoteInfo = Assignment6;
		};
		5BEC358524F962EB002ED5B3 /* PBXContainerItemProxy */ = {
			isa = PBXContainerItemProxy;
			containerPortal = 5BEC355B24F962EB002ED5B3 /* Project object */;
			proxyType = 1;
			remoteGlobalIDString = 5BEC356224F962EB002ED5B3;
			remoteInfo = Assignment6;
		};
/* End PBXContainerItemProxy section */

/* Begin PBXFileReference section */
		5BEC356324F962EB002ED5B3 /* Assignment6.app */ = {isa = PBXFileReference; explicitFileType = wrapper.application; includeInIndex = 0; path = Assignment6.app; sourceTree = BUILT_PRODUCTS_DIR; };
		5BEC356624F962EB002ED5B3 /* AppDelegate.swift */ = {isa = PBXFileReference; lastKnownFileType = sourcecode.swift; path = AppDelegate.swift; sourceTree = "<group>"; };
		5BEC356824F962EB002ED5B3 /* SceneDelegate.swift */ = {isa = PBXFileReference; lastKnownFileType = sourcecode.swift; path = SceneDelegate.swift; sourceTree = "<group>"; };
		5BEC356A24F962EB002ED5B3 /* ViewController.swift */ = {isa = PBXFileReference; lastKnownFileType = sourcecode.swift; path = ViewController.swift; sourceTree = "<group>"; };
		5BEC356D24F962EB002ED5B3 /* Base */ = {isa = PBXFileReference; lastKnownFileType = file.storyboard; name = Base; path = Base.lproj/Main.storyboard; sourceTree = "<group>"; };
		5BEC356F24F962EB002ED5B3 /* Assets.xcassets */ = {isa = PBXFileReference; lastKnownFileType = folder.assetcatalog; path = Assets.xcassets; sourceTree = "<group>"; };
		5BEC357224F962EB002ED5B3 /* Base */ = {isa = PBXFileReference; lastKnownFileType = file.storyboard; name = Base; path = Base.lproj/LaunchScreen.storyboard; sourceTree = "<group>"; };
		5BEC357424F962EB002ED5B3 /* Info.plist */ = {isa = PBXFileReference; lastKnownFileType = text.plist.xml; path = Info.plist; sourceTree = "<group>"; };
		5BEC357924F962EB002ED5B3 /* Assignment6Tests.xctest */ = {isa = PBXFileReference; explicitFileType = wrapper.cfbundle; includeInIndex = 0; path = Assignment6Tests.xctest; sourceTree = BUILT_PRODUCTS_DIR; };
		5BEC357D24F962EB002ED5B3 /* Assignment6Tests.swift */ = {isa = PBXFileReference; lastKnownFileType = sourcecode.swift; path = Assignment6Tests.swift; sourceTree = "<group>"; };
		5BEC357F24F962EB002ED5B3 /* Info.plist */ = {isa = PBXFileReference; lastKnownFileType = text.plist.xml; path = Info.plist; sourceTree = "<group>"; };
		5BEC358424F962EB002ED5B3 /* Assignment6UITests.xctest */ = {isa = PBXFileReference; explicitFileType = wrapper.cfbundle; includeInIndex = 0; path = Assignment6UITests.xctest; sourceTree = BUILT_PRODUCTS_DIR; };
		5BEC358824F962EB002ED5B3 /* Assignment6UITests.swift */ = {isa = PBXFileReference; lastKnownFileType = sourcecode.swift; path = Assignment6UITests.swift; sourceTree = "<group>"; };
		5BEC358A24F962EB002ED5B3 /* Info.plist */ = {isa = PBXFileReference; lastKnownFileType = text.plist.xml; path = Info.plist; sourceTree = "<group>"; };
		5BEC359724F9AB6F002ED5B3 /* Prompt-ThinItalic.ttf */ = {isa = PBXFileReference; lastKnownFileType = file; path = "Prompt-ThinItalic.ttf"; sourceTree = "<group>"; };
		5BEC359824F9AB6F002ED5B3 /* Prompt-BlackItalic.ttf */ = {isa = PBXFileReference; lastKnownFileType = file; path = "Prompt-BlackItalic.ttf"; sourceTree = "<group>"; };
		5BEC359924F9AB6F002ED5B3 /* Prompt-ExtraLight.ttf */ = {isa = PBXFileReference; lastKnownFileType = file; path = "Prompt-ExtraLight.ttf"; sourceTree = "<group>"; };
		5BEC359A24F9AB6F002ED5B3 /* Prompt-MediumItalic.ttf */ = {isa = PBXFileReference; lastKnownFileType = file; path = "Prompt-MediumItalic.ttf"; sourceTree = "<group>"; };
		5BEC359B24F9AB6F002ED5B3 /* Prompt-BoldItalic.ttf */ = {isa = PBXFileReference; lastKnownFileType = file; path = "Prompt-BoldItalic.ttf"; sourceTree = "<group>"; };
		5BEC359C24F9AB6F002ED5B3 /* Prompt-Medium.ttf */ = {isa = PBXFileReference; lastKnownFileType = file; path = "Prompt-Medium.ttf"; sourceTree = "<group>"; };
		5BEC359D24F9AB6F002ED5B3 /* Prompt-Light.ttf */ = {isa = PBXFileReference; lastKnownFileType = file; path = "Prompt-Light.ttf"; sourceTree = "<group>"; };
		5BEC359E24F9AB6F002ED5B3 /* Prompt-ExtraBold.ttf */ = {isa = PBXFileReference; lastKnownFileType = file; path = "Prompt-ExtraBold.ttf"; sourceTree = "<group>"; };
		5BEC359F24F9AB6F002ED5B3 /* Prompt-Thin.ttf */ = {isa = PBXFileReference; lastKnownFileType = file; path = "Prompt-Thin.ttf"; sourceTree = "<group>"; };
		5BEC35A024F9AB6F002ED5B3 /* Prompt-LightItalic.ttf */ = {isa = PBXFileReference; lastKnownFileType = file; path = "Prompt-LightItalic.ttf"; sourceTree = "<group>"; };
		5BEC35A124F9AB6F002ED5B3 /* Prompt-Bold.ttf */ = {isa = PBXFileReference; lastKnownFileType = file; path = "Prompt-Bold.ttf"; sourceTree = "<group>"; };
		5BEC35A224F9AB6F002ED5B3 /* Prompt-SemiBold.ttf */ = {isa = PBXFileReference; lastKnownFileType = file; path = "Prompt-SemiBold.ttf"; sourceTree = "<group>"; };
		5BEC35A324F9AB6F002ED5B3 /* Prompt-Regular.ttf */ = {isa = PBXFileReference; lastKnownFileType = file; path = "Prompt-Regular.ttf"; sourceTree = "<group>"; };
		5BEC35A424F9AB6F002ED5B3 /* Prompt-ExtraLightItalic.ttf */ = {isa = PBXFileReference; lastKnownFileType = file; path = "Prompt-ExtraLightItalic.ttf"; sourceTree = "<group>"; };
		5BEC35A524F9AB6F002ED5B3 /* Prompt-SemiBoldItalic.ttf */ = {isa = PBXFileReference; lastKnownFileType = file; path = "Prompt-SemiBoldItalic.ttf"; sourceTree = "<group>"; };
		5BEC35A624F9AB6F002ED5B3 /* OFL.txt */ = {isa = PBXFileReference; fileEncoding = 4; lastKnownFileType = text; path = OFL.txt; sourceTree = "<group>"; };
		5BEC35A724F9AB6F002ED5B3 /* Prompt-ExtraBoldItalic.ttf */ = {isa = PBXFileReference; lastKnownFileType = file; path = "Prompt-ExtraBoldItalic.ttf"; sourceTree = "<group>"; };
		5BEC35A824F9AB6F002ED5B3 /* Prompt-Italic.ttf */ = {isa = PBXFileReference; lastKnownFileType = file; path = "Prompt-Italic.ttf"; sourceTree = "<group>"; };
		5BEC35A924F9AB6F002ED5B3 /* Prompt-Black.ttf */ = {isa = PBXFileReference; lastKnownFileType = file; path = "Prompt-Black.ttf"; sourceTree = "<group>"; };
/* End PBXFileReference section */

/* Begin PBXFrameworksBuildPhase section */
		5BEC356024F962EB002ED5B3 /* Frameworks */ = {
			isa = PBXFrameworksBuildPhase;
			buildActionMask = 2147483647;
			files = (
			);
			runOnlyForDeploymentPostprocessing = 0;
		};
		5BEC357624F962EB002ED5B3 /* Frameworks */ = {
			isa = PBXFrameworksBuildPhase;
			buildActionMask = 2147483647;
			files = (
			);
			runOnlyForDeploymentPostprocessing = 0;
		};
		5BEC358124F962EB002ED5B3 /* Frameworks */ = {
			isa = PBXFrameworksBuildPhase;
			buildActionMask = 2147483647;
			files = (
			);
			runOnlyForDeploymentPostprocessing = 0;
		};
/* End PBXFrameworksBuildPhase section */

/* Begin PBXGroup section */
		5BEC355A24F962EB002ED5B3 = {
			isa = PBXGroup;
			children = (
				5BEC356524F962EB002ED5B3 /* Assignment6 */,
				5BEC357C24F962EB002ED5B3 /* Assignment6Tests */,
				5BEC358724F962EB002ED5B3 /* Assignment6UITests */,
				5BEC356424F962EB002ED5B3 /* Products */,
			);
			sourceTree = "<group>";
		};
		5BEC356424F962EB002ED5B3 /* Products */ = {
			isa = PBXGroup;
			children = (
				5BEC356324F962EB002ED5B3 /* Assignment6.app */,
				5BEC357924F962EB002ED5B3 /* Assignment6Tests.xctest */,
				5BEC358424F962EB002ED5B3 /* Assignment6UITests.xctest */,
			);
			name = Products;
			sourceTree = "<group>";
		};
		5BEC356524F962EB002ED5B3 /* Assignment6 */ = {
			isa = PBXGroup;
			children = (
				5BEC356624F962EB002ED5B3 /* AppDelegate.swift */,
				5BEC356824F962EB002ED5B3 /* SceneDelegate.swift */,
				5BEC356A24F962EB002ED5B3 /* ViewController.swift */,
				5BEC356C24F962EB002ED5B3 /* Main.storyboard */,
				5BEC359624F9AB6F002ED5B3 /* Prompt */,
				5BEC356F24F962EB002ED5B3 /* Assets.xcassets */,
				5BEC357124F962EB002ED5B3 /* LaunchScreen.storyboard */,
				5BEC357424F962EB002ED5B3 /* Info.plist */,
			);
			path = Assignment6;
			sourceTree = "<group>";
		};
		5BEC357C24F962EB002ED5B3 /* Assignment6Tests */ = {
			isa = PBXGroup;
			children = (
				5BEC357D24F962EB002ED5B3 /* Assignment6Tests.swift */,
				5BEC357F24F962EB002ED5B3 /* Info.plist */,
			);
			path = Assignment6Tests;
			sourceTree = "<group>";
		};
		5BEC358724F962EB002ED5B3 /* Assignment6UITests */ = {
			isa = PBXGroup;
			children = (
				5BEC358824F962EB002ED5B3 /* Assignment6UITests.swift */,
				5BEC358A24F962EB002ED5B3 /* Info.plist */,
			);
			path = Assignment6UITests;
			sourceTree = "<group>";
		};
		5BEC359624F9AB6F002ED5B3 /* Prompt */ = {
			isa = PBXGroup;
			children = (
				5BEC359724F9AB6F002ED5B3 /* Prompt-ThinItalic.ttf */,
				5BEC359824F9AB6F002ED5B3 /* Prompt-BlackItalic.ttf */,
				5BEC359924F9AB6F002ED5B3 /* Prompt-ExtraLight.ttf */,
				5BEC359A24F9AB6F002ED5B3 /* Prompt-MediumItalic.ttf */,
				5BEC359B24F9AB6F002ED5B3 /* Prompt-BoldItalic.ttf */,
				5BEC359C24F9AB6F002ED5B3 /* Prompt-Medium.ttf */,
				5BEC359D24F9AB6F002ED5B3 /* Prompt-Light.ttf */,
				5BEC359E24F9AB6F002ED5B3 /* Prompt-ExtraBold.ttf */,
				5BEC359F24F9AB6F002ED5B3 /* Prompt-Thin.ttf */,
				5BEC35A024F9AB6F002ED5B3 /* Prompt-LightItalic.ttf */,
				5BEC35A124F9AB6F002ED5B3 /* Prompt-Bold.ttf */,
				5BEC35A224F9AB6F002ED5B3 /* Prompt-SemiBold.ttf */,
				5BEC35A324F9AB6F002ED5B3 /* Prompt-Regular.ttf */,
				5BEC35A424F9AB6F002ED5B3 /* Prompt-ExtraLightItalic.ttf */,
				5BEC35A524F9AB6F002ED5B3 /* Prompt-SemiBoldItalic.ttf */,
				5BEC35A624F9AB6F002ED5B3 /* OFL.txt */,
				5BEC35A724F9AB6F002ED5B3 /* Prompt-ExtraBoldItalic.ttf */,
				5BEC35A824F9AB6F002ED5B3 /* Prompt-Italic.ttf */,
				5BEC35A924F9AB6F002ED5B3 /* Prompt-Black.ttf */,
			);
			path = Prompt;
			sourceTree = "<group>";
		};
/* End PBXGroup section */

/* Begin PBXNativeTarget section */
		5BEC356224F962EB002ED5B3 /* Assignment6 */ = {
			isa = PBXNativeTarget;
			buildConfigurationList = 5BEC358D24F962EC002ED5B3 /* Build configuration list for PBXNativeTarget "Assignment6" */;
			buildPhases = (
				5BEC355F24F962EB002ED5B3 /* Sources */,
				5BEC356024F962EB002ED5B3 /* Frameworks */,
				5BEC356124F962EB002ED5B3 /* Resources */,
			);
			buildRules = (
			);
			dependencies = (
			);
			name = Assignment6;
			productName = Assignment6;
			productReference = 5BEC356324F962EB002ED5B3 /* Assignment6.app */;
			productType = "com.apple.product-type.application";
		};
		5BEC357824F962EB002ED5B3 /* Assignment6Tests */ = {
			isa = PBXNativeTarget;
			buildConfigurationList = 5BEC359024F962EC002ED5B3 /* Build configuration list for PBXNativeTarget "Assignment6Tests" */;
			buildPhases = (
				5BEC357524F962EB002ED5B3 /* Sources */,
				5BEC357624F962EB002ED5B3 /* Frameworks */,
				5BEC357724F962EB002ED5B3 /* Resources */,
			);
			buildRules = (
			);
			dependencies = (
				5BEC357B24F962EB002ED5B3 /* PBXTargetDependency */,
			);
			name = Assignment6Tests;
			productName = Assignment6Tests;
			productReference = 5BEC357924F962EB002ED5B3 /* Assignment6Tests.xctest */;
			productType = "com.apple.product-type.bundle.unit-test";
		};
		5BEC358324F962EB002ED5B3 /* Assignment6UITests */ = {
			isa = PBXNativeTarget;
			buildConfigurationList = 5BEC359324F962EC002ED5B3 /* Build configuration list for PBXNativeTarget "Assignment6UITests" */;
			buildPhases = (
				5BEC358024F962EB002ED5B3 /* Sources */,
				5BEC358124F962EB002ED5B3 /* Frameworks */,
				5BEC358224F962EB002ED5B3 /* Resources */,
			);
			buildRules = (
			);
			dependencies = (
				5BEC358624F962EB002ED5B3 /* PBXTargetDependency */,
			);
			name = Assignment6UITests;
			productName = Assignment6UITests;
			productReference = 5BEC358424F962EB002ED5B3 /* Assignment6UITests.xctest */;
			productType = "com.apple.product-type.bundle.ui-testing";
		};
/* End PBXNativeTarget section */

/* Begin PBXProject section */
		5BEC355B24F962EB002ED5B3 /* Project object */ = {
			isa = PBXProject;
			attributes = {
				LastSwiftUpdateCheck = 1160;
				LastUpgradeCheck = 1160;
				ORGANIZATIONNAME = "Suhaas Choppavarapu";
				TargetAttributes = {
					5BEC356224F962EB002ED5B3 = {
						CreatedOnToolsVersion = 11.6;
					};
					5BEC357824F962EB002ED5B3 = {
						CreatedOnToolsVersion = 11.6;
						TestTargetID = 5BEC356224F962EB002ED5B3;
					};
					5BEC358324F962EB002ED5B3 = {
						CreatedOnToolsVersion = 11.6;
						TestTargetID = 5BEC356224F962EB002ED5B3;
					};
				};
			};
			buildConfigurationList = 5BEC355E24F962EB002ED5B3 /* Build configuration list for PBXProject "Assignment6" */;
			compatibilityVersion = "Xcode 9.3";
			developmentRegion = en;
			hasScannedForEncodings = 0;
			knownRegions = (
				en,
				Base,
			);
			mainGroup = 5BEC355A24F962EB002ED5B3;
			productRefGroup = 5BEC356424F962EB002ED5B3 /* Products */;
			projectDirPath = "";
			projectRoot = "";
			targets = (
				5BEC356224F962EB002ED5B3 /* Assignment6 */,
				5BEC357824F962EB002ED5B3 /* Assignment6Tests */,
				5BEC358324F962EB002ED5B3 /* Assignment6UITests */,
			);
		};
/* End PBXProject section */

/* Begin PBXResourcesBuildPhase section */
		5BEC356124F962EB002ED5B3 /* Resources */ = {
			isa = PBXResourcesBuildPhase;
			buildActionMask = 2147483647;
			files = (
				5BEC35BA24F9AB6F002ED5B3 /* Prompt-ExtraBoldItalic.ttf in Resources */,
				5BEC357324F962EB002ED5B3 /* LaunchScreen.storyboard in Resources */,
				5BEC35B324F9AB6F002ED5B3 /* Prompt-LightItalic.ttf in Resources */,
				5BEC35B024F9AB6F002ED5B3 /* Prompt-Light.ttf in Resources */,
				5BEC35AA24F9AB6F002ED5B3 /* Prompt-ThinItalic.ttf in Resources */,
				5BEC357024F962EB002ED5B3 /* Assets.xcassets in Resources */,
				5BEC35B424F9AB6F002ED5B3 /* Prompt-Bold.ttf in Resources */,
				5BEC35B524F9AB6F002ED5B3 /* Prompt-SemiBold.ttf in Resources */,
				5BEC35B124F9AB6F002ED5B3 /* Prompt-ExtraBold.ttf in Resources */,
				5BEC35BB24F9AB6F002ED5B3 /* Prompt-Italic.ttf in Resources */,
				5BEC35B224F9AB6F002ED5B3 /* Prompt-Thin.ttf in Resources */,
				5BEC35B924F9AB6F002ED5B3 /* OFL.txt in Resources */,
				5BEC356E24F962EB002ED5B3 /* Main.storyboard in Resources */,
				5BEC35AC24F9AB6F002ED5B3 /* Prompt-ExtraLight.ttf in Resources */,
				5BEC35AB24F9AB6F002ED5B3 /* Prompt-BlackItalic.ttf in Resources */,
				5BEC35AD24F9AB6F002ED5B3 /* Prompt-MediumItalic.ttf in Resources */,
				5BEC35BC24F9AB6F002ED5B3 /* Prompt-Black.ttf in Resources */,
				5BEC35AF24F9AB6F002ED5B3 /* Prompt-Medium.ttf in Resources */,
				5BEC35B724F9AB6F002ED5B3 /* Prompt-ExtraLightItalic.ttf in Resources */,
				5BEC35AE24F9AB6F002ED5B3 /* Prompt-BoldItalic.ttf in Resources */,
				5BEC35B624F9AB6F002ED5B3 /* Prompt-Regular.ttf in Resources */,
				5BEC35B824F9AB6F002ED5B3 /* Prompt-SemiBoldItalic.ttf in Resources */,
			);
			runOnlyForDeploymentPostprocessing = 0;
		};
		5BEC357724F962EB002ED5B3 /* Resources */ = {
			isa = PBXResourcesBuildPhase;
			buildActionMask = 2147483647;
			files = (
			);
			runOnlyForDeploymentPostprocessing = 0;
		};
		5BEC358224F962EB002ED5B3 /* Resources */ = {
			isa = PBXResourcesBuildPhase;
			buildActionMask = 2147483647;
			files = (
			);
			runOnlyForDeploymentPostprocessing = 0;
		};
/* End PBXResourcesBuildPhase section */

/* Begin PBXSourcesBuildPhase section */
		5BEC355F24F962EB002ED5B3 /* Sources */ = {
			isa = PBXSourcesBuildPhase;
			buildActionMask = 2147483647;
			files = (
				5BEC356B24F962EB002ED5B3 /* ViewController.swift in Sources */,
				5BEC356724F962EB002ED5B3 /* AppDelegate.swift in Sources */,
				5BEC356924F962EB002ED5B3 /* SceneDelegate.swift in Sources */,
			);
			runOnlyForDeploymentPostprocessing = 0;
		};
		5BEC357524F962EB002ED5B3 /* Sources */ = {
			isa = PBXSourcesBuildPhase;
			buildActionMask = 2147483647;
			files = (
				5BEC357E24F962EB002ED5B3 /* Assignment6Tests.swift in Sources */,
			);
			runOnlyForDeploymentPostprocessing = 0;
		};
		5BEC358024F962EB002ED5B3 /* Sources */ = {
			isa = PBXSourcesBuildPhase;
			buildActionMask = 2147483647;
			files = (
				5BEC358924F962EB002ED5B3 /* Assignment6UITests.swift in Sources */,
			);
			runOnlyForDeploymentPostprocessing = 0;
		};
/* End PBXSourcesBuildPhase section */

/* Begin PBXTargetDependency section */
		5BEC357B24F962EB002ED5B3 /* PBXTargetDependency */ = {
			isa = PBXTargetDependency;
			target = 5BEC356224F962EB002ED5B3 /* Assignment6 */;
			targetProxy = 5BEC357A24F962EB002ED5B3 /* PBXContainerItemProxy */;
		};
		5BEC358624F962EB002ED5B3 /* PBXTargetDependency */ = {
			isa = PBXTargetDependency;
			target = 5BEC356224F962EB002ED5B3 /* Assignment6 */;
			targetProxy = 5BEC358524F962EB002ED5B3 /* PBXContainerItemProxy */;
		};
/* End PBXTargetDependency section */

/* Begin PBXVariantGroup section */
		5BEC356C24F962EB002ED5B3 /* Main.storyboard */ = {
			isa = PBXVariantGroup;
			children = (
				5BEC356D24F962EB002ED5B3 /* Base */,
			);
			name = Main.storyboard;
			sourceTree = "<group>";
		};
		5BEC357124F962EB002ED5B3 /* LaunchScreen.storyboard */ = {
			isa = PBXVariantGroup;
			children = (
				5BEC357224F962EB002ED5B3 /* Base */,
			);
			name = LaunchScreen.storyboard;
			sourceTree = "<group>";
		};
/* End PBXVariantGroup section */

/* Begin XCBuildConfiguration section */
		5BEC358B24F962EC002ED5B3 /* Debug */ = {
			isa = XCBuildConfiguration;
			buildSettings = {
				ALWAYS_SEARCH_USER_PATHS = NO;
				CLANG_ANALYZER_NONNULL = YES;
				CLANG_ANALYZER_NUMBER_OBJECT_CONVERSION = YES_AGGRESSIVE;
				CLANG_CXX_LANGUAGE_STANDARD = "gnu++14";
				CLANG_CXX_LIBRARY = "libc++";
				CLANG_ENABLE_MODULES = YES;
				CLANG_ENABLE_OBJC_ARC = YES;
				CLANG_ENABLE_OBJC_WEAK = YES;
				CLANG_WARN_BLOCK_CAPTURE_AUTORELEASING = YES;
				CLANG_WARN_BOOL_CONVERSION = YES;
				CLANG_WARN_COMMA = YES;
				CLANG_WARN_CONSTANT_CONVERSION = YES;
				CLANG_WARN_DEPRECATED_OBJC_IMPLEMENTATIONS = YES;
				CLANG_WARN_DIRECT_OBJC_ISA_USAGE = YES_ERROR;
				CLANG_WARN_DOCUMENTATION_COMMENTS = YES;
				CLANG_WARN_EMPTY_BODY = YES;
				CLANG_WARN_ENUM_CONVERSION = YES;
				CLANG_WARN_INFINITE_RECURSION = YES;
				CLANG_WARN_INT_CONVERSION = YES;
				CLANG_WARN_NON_LITERAL_NULL_CONVERSION = YES;
				CLANG_WARN_OBJC_IMPLICIT_RETAIN_SELF = YES;
				CLANG_WARN_OBJC_LITERAL_CONVERSION = YES;
				CLANG_WARN_OBJC_ROOT_CLASS = YES_ERROR;
				CLANG_WARN_RANGE_LOOP_ANALYSIS = YES;
				CLANG_WARN_STRICT_PROTOTYPES = YES;
				CLANG_WARN_SUSPICIOUS_MOVE = YES;
				CLANG_WARN_UNGUARDED_AVAILABILITY = YES_AGGRESSIVE;
				CLANG_WARN_UNREACHABLE_CODE = YES;
				CLANG_WARN__DUPLICATE_METHOD_MATCH = YES;
				COPY_PHASE_STRIP = NO;
				DEBUG_INFORMATION_FORMAT = dwarf;
				ENABLE_STRICT_OBJC_MSGSEND = YES;
				ENABLE_TESTABILITY = YES;
				GCC_C_LANGUAGE_STANDARD = gnu11;
				GCC_DYNAMIC_NO_PIC = NO;
				GCC_NO_COMMON_BLOCKS = YES;
				GCC_OPTIMIZATION_LEVEL = 0;
				GCC_PREPROCESSOR_DEFINITIONS = (
					"DEBUG=1",
					"$(inherited)",
				);
				GCC_WARN_64_TO_32_BIT_CONVERSION = YES;
				GCC_WARN_ABOUT_RETURN_TYPE = YES_ERROR;
				GCC_WARN_UNDECLARED_SELECTOR = YES;
				GCC_WARN_UNINITIALIZED_AUTOS = YES_AGGRESSIVE;
				GCC_WARN_UNUSED_FUNCTION = YES;
				GCC_WARN_UNUSED_VARIABLE = YES;
				IPHONEOS_DEPLOYMENT_TARGET = 13.6;
				MTL_ENABLE_DEBUG_INFO = INCLUDE_SOURCE;
				MTL_FAST_MATH = YES;
				ONLY_ACTIVE_ARCH = YES;
				SDKROOT = iphoneos;
				SWIFT_ACTIVE_COMPILATION_CONDITIONS = DEBUG;
				SWIFT_OPTIMIZATION_LEVEL = "-Onone";
			};
			name = Debug;
		};
		5BEC358C24F962EC002ED5B3 /* Release */ = {
			isa = XCBuildConfiguration;
			buildSettings = {
				ALWAYS_SEARCH_USER_PATHS = NO;
				CLANG_ANALYZER_NONNULL = YES;
				CLANG_ANALYZER_NUMBER_OBJECT_CONVERSION = YES_AGGRESSIVE;
				CLANG_CXX_LANGUAGE_STANDARD = "gnu++14";
				CLANG_CXX_LIBRARY = "libc++";
				CLANG_ENABLE_MODULES = YES;
				CLANG_ENABLE_OBJC_ARC = YES;
				CLANG_ENABLE_OBJC_WEAK = YES;
				CLANG_WARN_BLOCK_CAPTURE_AUTORELEASING = YES;
				CLANG_WARN_BOOL_CONVERSION = YES;
				CLANG_WARN_COMMA = YES;
				CLANG_WARN_CONSTANT_CONVERSION = YES;
				CLANG_WARN_DEPRECATED_OBJC_IMPLEMENTATIONS = YES;
				CLANG_WARN_DIRECT_OBJC_ISA_USAGE = YES_ERROR;
				CLANG_WARN_DOCUMENTATION_COMMENTS = YES;
				CLANG_WARN_EMPTY_BODY = YES;
				CLANG_WARN_ENUM_CONVERSION = YES;
				CLANG_WARN_INFINITE_RECURSION = YES;
				CLANG_WARN_INT_CONVERSION = YES;
				CLANG_WARN_NON_LITERAL_NULL_CONVERSION = YES;
				CLANG_WARN_OBJC_IMPLICIT_RETAIN_SELF = YES;
				CLANG_WARN_OBJC_LITERAL_CONVERSION = YES;
				CLANG_WARN_OBJC_ROOT_CLASS = YES_ERROR;
				CLANG_WARN_RANGE_LOOP_ANALYSIS = YES;
				CLANG_WARN_STRICT_PROTOTYPES = YES;
				CLANG_WARN_SUSPICIOUS_MOVE = YES;
				CLANG_WARN_UNGUARDED_AVAILABILITY = YES_AGGRESSIVE;
				CLANG_WARN_UNREACHABLE_CODE = YES;
				CLANG_WARN__DUPLICATE_METHOD_MATCH = YES;
				COPY_PHASE_STRIP = NO;
				DEBUG_INFORMATION_FORMAT = "dwarf-with-dsym";
				ENABLE_NS_ASSERTIONS = NO;
				ENABLE_STRICT_OBJC_MSGSEND = YES;
				GCC_C_LANGUAGE_STANDARD = gnu11;
				GCC_NO_COMMON_BLOCKS = YES;
				GCC_WARN_64_TO_32_BIT_CONVERSION = YES;
				GCC_WARN_ABOUT_RETURN_TYPE = YES_ERROR;
				GCC_WARN_UNDECLARED_SELECTOR = YES;
				GCC_WARN_UNINITIALIZED_AUTOS = YES_AGGRESSIVE;
				GCC_WARN_UNUSED_FUNCTION = YES;
				GCC_WARN_UNUSED_VARIABLE = YES;
				IPHONEOS_DEPLOYMENT_TARGET = 13.6;
				MTL_ENABLE_DEBUG_INFO = NO;
				MTL_FAST_MATH = YES;
				SDKROOT = iphoneos;
				SWIFT_COMPILATION_MODE = wholemodule;
				SWIFT_OPTIMIZATION_LEVEL = "-O";
				VALIDATE_PRODUCT = YES;
			};
			name = Release;
		};
		5BEC358E24F962EC002ED5B3 /* Debug */ = {
			isa = XCBuildConfiguration;
			buildSettings = {
				ASSETCATALOG_COMPILER_APPICON_NAME = AppIcon;
				CODE_SIGN_STYLE = Automatic;
				INFOPLIST_FILE = Assignment6/Info.plist;
				LD_RUNPATH_SEARCH_PATHS = (
					"$(inherited)",
					"@executable_path/Frameworks",
				);
				PRODUCT_BUNDLE_IDENTIFIER = SMLogics.Assignment6;
				PRODUCT_NAME = "$(TARGET_NAME)";
				SWIFT_VERSION = 5.0;
				TARGETED_DEVICE_FAMILY = "1,2";
			};
			name = Debug;
		};
		5BEC358F24F962EC002ED5B3 /* Release */ = {
			isa = XCBuildConfiguration;
			buildSettings = {
				ASSETCATALOG_COMPILER_APPICON_NAME = AppIcon;
				CODE_SIGN_STYLE = Automatic;
				INFOPLIST_FILE = Assignment6/Info.plist;
				LD_RUNPATH_SEARCH_PATHS = (
					"$(inherited)",
					"@executable_path/Frameworks",
				);
				PRODUCT_BUNDLE_IDENTIFIER = SMLogics.Assignment6;
				PRODUCT_NAME = "$(TARGET_NAME)";
				SWIFT_VERSION = 5.0;
				TARGETED_DEVICE_FAMILY = "1,2";
			};
			name = Release;
		};
		5BEC359124F962EC002ED5B3 /* Debug */ = {
			isa = XCBuildConfiguration;
			buildSettings = {
				ALWAYS_EMBED_SWIFT_STANDARD_LIBRARIES = YES;
				BUNDLE_LOADER = "$(TEST_HOST)";
				CODE_SIGN_STYLE = Automatic;
				INFOPLIST_FILE = Assignment6Tests/Info.plist;
				IPHONEOS_DEPLOYMENT_TARGET = 13.6;
				LD_RUNPATH_SEARCH_PATHS = (
					"$(inherited)",
					"@executable_path/Frameworks",
					"@loader_path/Frameworks",
				);
				PRODUCT_BUNDLE_IDENTIFIER = SMLogics.Assignment6Tests;
				PRODUCT_NAME = "$(TARGET_NAME)";
				SWIFT_VERSION = 5.0;
				TARGETED_DEVICE_FAMILY = "1,2";
				TEST_HOST = "$(BUILT_PRODUCTS_DIR)/Assignment6.app/Assignment6";
			};
			name = Debug;
		};
		5BEC359224F962EC002ED5B3 /* Release */ = {
			isa = XCBuildConfiguration;
			buildSettings = {
				ALWAYS_EMBED_SWIFT_STANDARD_LIBRARIES = YES;
				BUNDLE_LOADER = "$(TEST_HOST)";
				CODE_SIGN_STYLE = Automatic;
				INFOPLIST_FILE = Assignment6Tests/Info.plist;
				IPHONEOS_DEPLOYMENT_TARGET = 13.6;
				LD_RUNPATH_SEARCH_PATHS = (
					"$(inherited)",
					"@executable_path/Frameworks",
					"@loader_path/Frameworks",
				);
				PRODUCT_BUNDLE_IDENTIFIER = SMLogics.Assignment6Tests;
				PRODUCT_NAME = "$(TARGET_NAME)";
				SWIFT_VERSION = 5.0;
				TARGETED_DEVICE_FAMILY = "1,2";
				TEST_HOST = "$(BUILT_PRODUCTS_DIR)/Assignment6.app/Assignment6";
			};
			name = Release;
		};
		5BEC359424F962EC002ED5B3 /* Debug */ = {
			isa = XCBuildConfiguration;
			buildSettings = {
				ALWAYS_EMBED_SWIFT_STANDARD_LIBRARIES = YES;
				CODE_SIGN_STYLE = Automatic;
				INFOPLIST_FILE = Assignment6UITests/Info.plist;
				LD_RUNPATH_SEARCH_PATHS = (
					"$(inherited)",
					"@executable_path/Frameworks",
					"@loader_path/Frameworks",
				);
				PRODUCT_BUNDLE_IDENTIFIER = SMLogics.Assignment6UITests;
				PRODUCT_NAME = "$(TARGET_NAME)";
				SWIFT_VERSION = 5.0;
				TARGETED_DEVICE_FAMILY = "1,2";
				TEST_TARGET_NAME = Assignment6;
			};
			name = Debug;
		};
		5BEC359524F962EC002ED5B3 /* Release */ = {
			isa = XCBuildConfiguration;
			buildSettings = {
				ALWAYS_EMBED_SWIFT_STANDARD_LIBRARIES = YES;
				CODE_SIGN_STYLE = Automatic;
				INFOPLIST_FILE = Assignment6UITests/Info.plist;
				LD_RUNPATH_SEARCH_PATHS = (
					"$(inherited)",
					"@executable_path/Frameworks",
					"@loader_path/Frameworks",
				);
				PRODUCT_BUNDLE_IDENTIFIER = SMLogics.Assignment6UITests;
				PRODUCT_NAME = "$(TARGET_NAME)";
				SWIFT_VERSION = 5.0;
				TARGETED_DEVICE_FAMILY = "1,2";
				TEST_TARGET_NAME = Assignment6;
			};
			name = Release;
		};
/* End XCBuildConfiguration section */

/* Begin XCConfigurationList section */
		5BEC355E24F962EB002ED5B3 /* Build configuration list for PBXProject "Assignment6" */ = {
			isa = XCConfigurationList;
			buildConfigurations = (
				5BEC358B24F962EC002ED5B3 /* Debug */,
				5BEC358C24F962EC002ED5B3 /* Release */,
			);
			defaultConfigurationIsVisible = 0;
			defaultConfigurationName = Release;
		};
		5BEC358D24F962EC002ED5B3 /* Build configuration list for PBXNativeTarget "Assignment6" */ = {
			isa = XCConfigurationList;
			buildConfigurations = (
				5BEC358E24F962EC002ED5B3 /* Debug */,
				5BEC358F24F962EC002ED5B3 /* Release */,
			);
			defaultConfigurationIsVisible = 0;
			defaultConfigurationName = Release;
		};
		5BEC359024F962EC002ED5B3 /* Build configuration list for PBXNativeTarget "Assignment6Tests" */ = {
			isa = XCConfigurationList;
			buildConfigurations = (
				5BEC359124F962EC002ED5B3 /* Debug */,
				5BEC359224F962EC002ED5B3 /* Release */,
			);
			defaultConfigurationIsVisible = 0;
			defaultConfigurationName = Release;
		};
		5BEC359324F962EC002ED5B3 /* Build configuration list for PBXNativeTarget "Assignment6UITests" */ = {
			isa = XCConfigurationList;
			buildConfigurations = (
				5BEC359424F962EC002ED5B3 /* Debug */,
				5BEC359524F962EC002ED5B3 /* Release */,
			);
			defaultConfigurationIsVisible = 0;
			defaultConfigurationName = Release;
		};
/* End XCConfigurationList section */
	};
	rootObject = 5BEC355B24F962EB002ED5B3 /* Project object */;
}
